
Microsoft Visual Studio Solution File, Format Version 12.00
# Visual Studio Version 17
VisualStudioVersion = 17.9.34728.123
MinimumVisualStudioVersion = 10.0.40219.1
Project("{FAE04EC0-301F-11D3-BF4B-00C04F79EFBC}") = "PayrollSystem.API", "PayrollSystem.API\PayrollSystem.API.csproj", "{18745DAB-9FD8-4A47-875E-7D4EB49567FC}"
EndProject
Project("{FAE04EC0-301F-11D3-BF4B-00C04F79EFBC}") = "PayrollSystem.Application", "PayrollSystem.Application\PayrollSystem.Application.csproj", "{FCFB0B50-2086-4681-B221-F53F89D8AA68}"
EndProject
Project("{FAE04EC0-301F-11D3-BF4B-00C04F79EFBC}") = "PayrollSystem.Domain", "PayrollSystem.Domain\PayrollSystem.Domain.csproj", "{61177845-78C5-4F09-BA40-35231D44D275}"
EndProject
Project("{FAE04EC0-301F-11D3-BF4B-00C04F79EFBC}") = "PayrollSystem.Infrastructure", "PayrollSystem.Infrastructure\PayrollSystem.Infrastructure.csproj", "{54AE6B63-C64C-4638-9063-777FDB0EE2A8}"
EndProject
Global
	GlobalSection(SolutionConfigurationPlatforms) = preSolution
		Debug|Any CPU = Debug|Any CPU
		Release|Any CPU = Release|Any CPU
	EndGlobalSection
	GlobalSection(ProjectConfigurationPlatforms) = postSolution
		{18745DAB-9FD8-4A47-875E-7D4EB49567FC}.Debug|Any CPU.ActiveCfg = Debug|Any CPU
		{18745DAB-9FD8-4A47-875E-7D4EB49567FC}.Debug|Any CPU.Build.0 = Debug|Any CPU
		{18745DAB-9FD8-4A47-875E-7D4EB49567FC}.Release|Any CPU.ActiveCfg = Release|Any CPU
		{18745DAB-9FD8-4A47-875E-7D4EB49567FC}.Release|Any CPU.Build.0 = Release|Any CPU
		{FCFB0B50-2086-4681-B221-F53F89D8AA68}.Debug|Any CPU.ActiveCfg = Debug|Any CPU
		{FCFB0B50-2086-4681-B221-F53F89D8AA68}.Debug|Any CPU.Build.0 = Debug|Any CPU
		{FCFB0B50-2086-4681-B221-F53F89D8AA68}.Release|Any CPU.ActiveCfg = Release|Any CPU
		{FCFB0B50-2086-4681-B221-F53F89D8AA68}.Release|Any CPU.Build.0 = Release|Any CPU
		{61177845-78C5-4F09-BA40-35231D44D275}.Debug|Any CPU.ActiveCfg = Debug|Any CPU
		{61177845-78C5-4F09-BA40-35231D44D275}.Debug|Any CPU.Build.0 = Debug|Any CPU
		{61177845-78C5-4F09-BA40-35231D44D275}.Release|Any CPU.ActiveCfg = Release|Any CPU
		{61177845-78C5-4F09-BA40-35231D44D275}.Release|Any CPU.Build.0 = Release|Any CPU
		{54AE6B63-C64C-4638-9063-777FDB0EE2A8}.Debug|Any CPU.ActiveCfg = Debug|Any CPU
		{54AE6B63-C64C-4638-9063-777FDB0EE2A8}.Debug|Any CPU.Build.0 = Debug|Any CPU
		{54AE6B63-C64C-4638-9063-777FDB0EE2A8}.Release|Any CPU.ActiveCfg = Release|Any CPU
		{54AE6B63-C64C-4638-9063-777FDB0EE2A8}.Release|Any CPU.Build.0 = Release|Any CPU
	EndGlobalSection
	GlobalSection(SolutionProperties) = preSolution
		HideSolutionNode = FALSE
	EndGlobalSection
	GlobalSection(ExtensibilityGlobals) = postSolution
		SolutionGuid = {D8E0FDA9-07D7-423A-BFF1-4141C4DE6BC5}
	EndGlobalSection
EndGlobal
